
Microsoft Visual Studio Solution File, Format Version 12.00
# Visual Studio 15
Project("{FAE04EC0-301F-11D3-BF4B-00C04F79EFBC}") = "gsMeshBoolean", "gsMeshBoolean.csproj", "{DE37E8E7-B9B6-4F56-A0E9-EF067716B677}"
EndProject
Global
	GlobalSection(SolutionConfigurationPlatforms) = preSolution
		Debug|Any CPU = Debug|Any CPU
		Release|Any CPU = Release|Any CPU
	EndGlobalSection
	GlobalSection(ProjectConfigurationPlatforms) = postSolution
		{DE37E8E7-B9B6-4F56-A0E9-EF067716B677}.Debug|Any CPU.ActiveCfg = Debug|Any CPU
		{DE37E8E7-B9B6-4F56-A0E9-EF067716B677}.Debug|Any CPU.Build.0 = Debug|Any CPU
		{DE37E8E7-B9B6-4F56-A0E9-EF067716B677}.Release|Any CPU.ActiveCfg = Release|Any CPU
		{DE37E8E7-B9B6-4F56-A0E9-EF067716B677}.Release|Any CPU.Build.0 = Release|Any CPU
	EndGlobalSection
EndGlobal
